
Microsoft Visual Studio Solution File, Format Version 12.00
# Visual Studio Version 16
VisualStudioVersion = 16.0.29519.87
MinimumVisualStudioVersion = 10.0.40219.1
Project("{FAE04EC0-301F-11D3-BF4B-00C04F79EFBC}") = "OMSWEB", "OMSWEB\OMSWEB.csproj", "{534FD092-729B-4F56-8DBB-35417B7B6F7A}"
EndProject
Global
	GlobalSection(SolutionConfigurationPlatforms) = preSolution
		Debug|Any CPU = Debug|Any CPU
		Release|Any CPU = Release|Any CPU
	EndGlobalSection
	GlobalSection(ProjectConfigurationPlatforms) = postSolution
		{534FD092-729B-4F56-8DBB-35417B7B6F7A}.Debug|Any CPU.ActiveCfg = Debug|Any CPU
		{534FD092-729B-4F56-8DBB-35417B7B6F7A}.Debug|Any CPU.Build.0 = Debug|Any CPU
		{534FD092-729B-4F56-8DBB-35417B7B6F7A}.Release|Any CPU.ActiveCfg = Release|Any CPU
		{534FD092-729B-4F56-8DBB-35417B7B6F7A}.Release|Any CPU.Build.0 = Release|Any CPU
	EndGlobalSection
	GlobalSection(SolutionProperties) = preSolution
		HideSolutionNode = FALSE
	EndGlobalSection
	GlobalSection(ExtensibilityGlobals) = postSolution
		SolutionGuid = {A05B56C2-3331-4116-8FF0-11C15A80315A}
	EndGlobalSection
EndGlobal
